// !$*UTF8*$!
{
	archiveVersion = 1;
	classes = {
	};
	objectVersion = 46;
	objects = {

/* Begin PBXBuildFile section */
		7124A9AA1EBD0FAE003EC32F /* AppDelegate.swift in Sources */ = {isa = PBXBuildFile; fileRef = 7124A9A91EBD0FAE003EC32F /* AppDelegate.swift */; };
		7124A9AC1EBD0FAE003EC32F /* ViewController.swift in Sources */ = {isa = PBXBuildFile; fileRef = 7124A9AB1EBD0FAE003EC32F /* ViewController.swift */; };
		7124A9AF1EBD0FAE003EC32F /* Main.storyboard in Resources */ = {isa = PBXBuildFile; fileRef = 7124A9AD1EBD0FAE003EC32F /* Main.storyboard */; };
		7124A9B11EBD0FAE003EC32F /* Assets.xcassets in Resources */ = {isa = PBXBuildFile; fileRef = 7124A9B01EBD0FAE003EC32F /* Assets.xcassets */; };
		7124A9B41EBD0FAE003EC32F /* LaunchScreen.storyboard in Resources */ = {isa = PBXBuildFile; fileRef = 7124A9B21EBD0FAE003EC32F /* LaunchScreen.storyboard */; };
/* End PBXBuildFile section */

/* Begin PBXFileReference section */
		7124A9A61EBD0FAE003EC32F /* SaveTheWorld.app */ = {isa = PBXFileReference; explicitFileType = wrapper.application; includeInIndex = 0; path = SaveTheWorld.app; sourceTree = BUILT_PRODUCTS_DIR; };
		7124A9A91EBD0FAE003EC32F /* AppDelegate.swift */ = {isa = PBXFileReference; lastKnownFileType = sourcecode.swift; path = AppDelegate.swift; sourceTree = "<group>"; };
		7124A9AB1EBD0FAE003EC32F /* ViewController.swift */ = {isa = PBXFileReference; lastKnownFileType = sourcecode.swift; path = ViewController.swift; sourceTree = "<group>"; };
		7124A9AE1EBD0FAE003EC32F /* Base */ = {isa = PBXFileReference; lastKnownFileType = file.storyboard; name = Base; path = Base.lproj/Main.storyboard; sourceTree = "<group>"; };
		7124A9B01EBD0FAE003EC32F /* Assets.xcassets */ = {isa = PBXFileReference; lastKnownFileType = folder.assetcatalog; path = Assets.xcassets; sourceTree = "<group>"; };
		7124A9B31EBD0FAE003EC32F /* Base */ = {isa = PBXFileReference; lastKnownFileType = file.storyboard; name = Base; path = Base.lproj/LaunchScreen.storyboard; sourceTree = "<group>"; };
		7124A9B51EBD0FAE003EC32F /* Info.plist */ = {isa = PBXFileReference; lastKnownFileType = text.plist.xml; path = Info.plist; sourceTree = "<group>"; };
/* End PBXFileReference section */

/* Begin PBXFrameworksBuildPhase section */
		7124A9A31EBD0FAE003EC32F /* Frameworks */ = {
			isa = PBXFrameworksBuildPhase;
			buildActionMask = 2147483647;
			files = (
			);
			runOnlyForDeploymentPostprocessing = 0;
		};
/* End PBXFrameworksBuildPhase section */

/* Begin PBXGroup section */
		7124A99D1EBD0FAE003EC32F = {
			isa = PBXGroup;
			children = (
				7124A9A81EBD0FAE003EC32F /* SaveTheWorld */,
				7124A9A71EBD0FAE003EC32F /* Products */,
			);
			sourceTree = "<group>";
		};
		7124A9A71EBD0FAE003EC32F /* Products */ = {
			isa = PBXGroup;
			children = (
				7124A9A61EBD0FAE003EC32F /* SaveTheWorld.app */,
			);
			name = Products;
			sourceTree = "<group>";
		};
		7124A9A81EBD0FAE003EC32F /* SaveTheWorld */ = {
			isa = PBXGroup;
			children = (
				7124A9A91EBD0FAE003EC32F /* AppDelegate.swift */,
				7124A9AB1EBD0FAE003EC32F /* ViewController.swift */,
				7124A9AD1EBD0FAE003EC32F /* Main.storyboard */,
				7124A9B01EBD0FAE003EC32F /* Assets.xcassets */,
				7124A9B21EBD0FAE003EC32F /* LaunchScreen.storyboard */,
				7124A9B51EBD0FAE003EC32F /* Info.plist */,
			);
			path = SaveTheWorld;
			sourceTree = "<group>";
		};
/* End PBXGroup section */

/* Begin PBXNativeTarget section */
		7124A9A51EBD0FAE003EC32F /* SaveTheWorld */ = {
			isa = PBXNativeTarget;
			buildConfigurationList = 7124A9B81EBD0FAE003EC32F /* Build configuration list for PBXNativeTarget "SaveTheWorld" */;
			buildPhases = (
				7124A9A21EBD0FAE003EC32F /* Sources */,
				7124A9A31EBD0FAE003EC32F /* Frameworks */,
				7124A9A41EBD0FAE003EC32F /* Resources */,
			);
			buildRules = (
			);
			dependencies = (
			);
			name = SaveTheWorld;
			productName = SaveTheWorld;
			productReference = 7124A9A61EBD0FAE003EC32F /* SaveTheWorld.app */;
			productType = "com.apple.product-type.application";
		};
/* End PBXNativeTarget section */

/* Begin PBXProject section */
		7124A99E1EBD0FAE003EC32F /* Project object */ = {
			isa = PBXProject;
			attributes = {
				LastSwiftUpdateCheck = 0830;
				LastUpgradeCheck = 0830;
				ORGANIZATIONNAME = Trinity;
				TargetAttributes = {
					7124A9A51EBD0FAE003EC32F = {
						CreatedOnToolsVersion = 8.3.2;
						ProvisioningStyle = Automatic;
					};
				};
			};
			buildConfigurationList = 7124A9A11EBD0FAE003EC32F /* Build configuration list for PBXProject "SaveTheWorld" */;
			compatibilityVersion = "Xcode 3.2";
			developmentRegion = English;
			hasScannedForEncodings = 0;
			knownRegions = (
				en,
				Base,
			);
			mainGroup = 7124A99D1EBD0FAE003EC32F;
			productRefGroup = 7124A9A71EBD0FAE003EC32F /* Products */;
			projectDirPath = "";
			projectRoot = "";
			targets = (
				7124A9A51EBD0FAE003EC32F /* SaveTheWorld */,
			);
		};
/* End PBXProject section */

/* Begin PBXResourcesBuildPhase section */
		7124A9A41EBD0FAE003EC32F /* Resources */ = {
			isa = PBXResourcesBuildPhase;
			buildActionMask = 2147483647;
			files = (
				7124A9B41EBD0FAE003EC32F /* LaunchScreen.storyboard in Resources */,
				7124A9B11EBD0FAE003EC32F /* Assets.xcassets in Resources */,
				7124A9AF1EBD0FAE003EC32F /* Main.storyboard in Resources */,
			);
			runOnlyForDeploymentPostprocessing = 0;
		};
/* End PBXResourcesBuildPhase section */

/* Begin PBXSourcesBuildPhase section */
		7124A9A21EBD0FAE003EC32F /* Sources */ = {
			isa = PBXSourcesBuildPhase;
			buildActionMask = 2147483647;
			files = (
				7124A9AC1EBD0FAE003EC32F /* ViewController.swift in Sources */,
				7124A9AA1EBD0FAE003EC32F /* AppDelegate.swift in Sources */,
			);
			runOnlyForDeploymentPostprocessing = 0;
		};
/* End PBXSourcesBuildPhase section */

/* Begin PBXVariantGroup section */
		7124A9AD1EBD0FAE003EC32F /* Main.storyboard */ = {
			isa = PBXVariantGroup;
			children = (
				7124A9AE1EBD0FAE003EC32F /* Base */,
			);
			name = Main.storyboard;
			sourceTree = "<group>";
		};
		7124A9B21EBD0FAE003EC32F /* LaunchScreen.storyboard */ = {
			isa = PBXVariantGroup;
			children = (
				7124A9B31EBD0FAE003EC32F /* Base */,
			);
			name = LaunchScreen.storyboard;
			sourceTree = "<group>";
		};
/* End PBXVariantGroup section */

/* Begin XCBuildConfiguration section */
		7124A9B61EBD0FAE003EC32F /* Debug */ = {
			isa = XCBuildConfiguration;
			buildSettings = {
				ALWAYS_SEARCH_USER_PATHS = NO;
				CLANG_ANALYZER_NONNULL = YES;
				CLANG_ANALYZER_NUMBER_OBJECT_CONVERSION = YES_AGGRESSIVE;
				CLANG_CXX_LANGUAGE_STANDARD = "gnu++0x";
				CLANG_CXX_LIBRARY = "libc++";
				CLANG_ENABLE_MODULES = YES;
				CLANG_ENABLE_OBJC_ARC = YES;
				CLANG_WARN_BOOL_CONVERSION = YES;
				CLANG_WARN_CONSTANT_CONVERSION = YES;
				CLANG_WARN_DIRECT_OBJC_ISA_USAGE = YES_ERROR;
				CLANG_WARN_DOCUMENTATION_COMMENTS = YES;
				CLANG_WARN_EMPTY_BODY = YES;
				CLANG_WARN_ENUM_CONVERSION = YES;
				CLANG_WARN_INFINITE_RECURSION = YES;
				CLANG_WARN_INT_CONVERSION = YES;
				CLANG_WARN_OBJC_ROOT_CLASS = YES_ERROR;
				CLANG_WARN_SUSPICIOUS_MOVE = YES;
				CLANG_WARN_UNREACHABLE_CODE = YES;
				CLANG_WARN__DUPLICATE_METHOD_MATCH = YES;
				"CODE_SIGN_IDENTITY[sdk=iphoneos*]" = "iPhone Developer";
				COPY_PHASE_STRIP = NO;
				DEBUG_INFORMATION_FORMAT = dwarf;
				ENABLE_STRICT_OBJC_MSGSEND = YES;
				ENABLE_TESTABILITY = YES;
				GCC_C_LANGUAGE_STANDARD = gnu99;
				GCC_DYNAMIC_NO_PIC = NO;
				GCC_NO_COMMON_BLOCKS = YES;
				GCC_OPTIMIZATION_LEVEL = 0;
				GCC_PREPROCESSOR_DEFINITIONS = (
					"DEBUG=1",
					"$(inherited)",
				);
				GCC_WARN_64_TO_32_BIT_CONVERSION = YES;
				GCC_WARN_ABOUT_RETURN_TYPE = YES_ERROR;
				GCC_WARN_UNDECLARED_SELECTOR = YES;
				GCC_WARN_UNINITIALIZED_AUTOS = YES_AGGRESSIVE;
				GCC_WARN_UNUSED_FUNCTION = YES;
				GCC_WARN_UNUSED_VARIABLE = YES;
				IPHONEOS_DEPLOYMENT_TARGET = 10.3;
				MTL_ENABLE_DEBUG_INFO = YES;
				ONLY_ACTIVE_ARCH = YES;
				SDKROOT = iphoneos;
				SWIFT_ACTIVE_COMPILATION_CONDITIONS = DEBUG;
				SWIFT_OPTIMIZATION_LEVEL = "-Onone";
			};
			name = Debug;
		};
		7124A9B71EBD0FAE003EC32F /* Release */ = {
			isa = XCBuildConfiguration;
			buildSettings = {
				ALWAYS_SEARCH_USER_PATHS = NO;
				CLANG_ANALYZER_NONNULL = YES;
				CLANG_ANALYZER_NUMBER_OBJECT_CONVERSION = YES_AGGRESSIVE;
				CLANG_CXX_LANGUAGE_STANDARD = "gnu++0x";
				CLANG_CXX_LIBRARY = "libc++";
				CLANG_ENABLE_MODULES = YES;
				CLANG_ENABLE_OBJC_ARC = YES;
				CLANG_WARN_BOOL_CONVERSION = YES;
				CLANG_WARN_CONSTANT_CONVERSION = YES;
				CLANG_WARN_DIRECT_OBJC_ISA_USAGE = YES_ERROR;
				CLANG_WARN_DOCUMENTATION_COMMENTS = YES;
				CLANG_WARN_EMPTY_BODY = YES;
				CLANG_WARN_ENUM_CONVERSION = YES;
				CLANG_WARN_INFINITE_RECURSION = YES;
				CLANG_WARN_INT_CONVERSION = YES;
				CLANG_WARN_OBJC_ROOT_CLASS = YES_ERROR;
				CLANG_WARN_SUSPICIOUS_MOVE = YES;
				CLANG_WARN_UNREACHABLE_CODE = YES;
				CLANG_WARN__DUPLICATE_METHOD_MATCH = YES;
				"CODE_SIGN_IDENTITY[sdk=iphoneos*]" = "iPhone Developer";
				COPY_PHASE_STRIP = NO;
				DEBUG_INFORMATION_FORMAT = "dwarf-with-dsym";
				ENABLE_NS_ASSERTIONS = NO;
				ENABLE_STRICT_OBJC_MSGSEND = YES;
				GCC_C_LANGUAGE_STANDARD = gnu99;
				GCC_NO_COMMON_BLOCKS = YES;
				GCC_WARN_64_TO_32_BIT_CONVERSION = YES;
				GCC_WARN_ABOUT_RETURN_TYPE = YES_ERROR;
				GCC_WARN_UNDECLARED_SELECTOR = YES;
				GCC_WARN_UNINITIALIZED_AUTOS = YES_AGGRESSIVE;
				GCC_WARN_UNUSED_FUNCTION = YES;
				GCC_WARN_UNUSED_VARIABLE = YES;
				IPHONEOS_DEPLOYMENT_TARGET = 10.3;
				MTL_ENABLE_DEBUG_INFO = NO;
				SDKROOT = iphoneos;
				SWIFT_OPTIMIZATION_LEVEL = "-Owholemodule";
				VALIDATE_PRODUCT = YES;
			};
			name = Release;
		};
		7124A9B91EBD0FAE003EC32F /* Debug */ = {
			isa = XCBuildConfiguration;
			buildSettings = {
				ASSETCATALOG_COMPILER_APPICON_NAME = AppIcon;
				INFOPLIST_FILE = SaveTheWorld/Info.plist;
				LD_RUNPATH_SEARCH_PATHS = "$(inherited) @executable_path/Frameworks";
				PRODUCT_BUNDLE_IDENTIFIER = edu.self.SaveTheWorld;
				PRODUCT_NAME = "$(TARGET_NAME)";
				SWIFT_VERSION = 3.0;
			};
			name = Debug;
		};
		7124A9BA1EBD0FAE003EC32F /* Release */ = {
			isa = XCBuildConfiguration;
			buildSettings = {
				ASSETCATALOG_COMPILER_APPICON_NAME = AppIcon;
				INFOPLIST_FILE = SaveTheWorld/Info.plist;
				LD_RUNPATH_SEARCH_PATHS = "$(inherited) @executable_path/Frameworks";
				PRODUCT_BUNDLE_IDENTIFIER = edu.self.SaveTheWorld;
				PRODUCT_NAME = "$(TARGET_NAME)";
				SWIFT_VERSION = 3.0;
			};
			name = Release;
		};
/* End XCBuildConfiguration section */

/* Begin XCConfigurationList section */
		7124A9A11EBD0FAE003EC32F /* Build configuration list for PBXProject "SaveTheWorld" */ = {
			isa = XCConfigurationList;
			buildConfigurations = (
				7124A9B61EBD0FAE003EC32F /* Debug */,
				7124A9B71EBD0FAE003EC32F /* Release */,
			);
			defaultConfigurationIsVisible = 0;
			defaultConfigurationName = Release;
		};
		7124A9B81EBD0FAE003EC32F /* Build configuration list for PBXNativeTarget "SaveTheWorld" */ = {
			isa = XCConfigurationList;
			buildConfigurations = (
				7124A9B91EBD0FAE003EC32F /* Debug */,
				7124A9BA1EBD0FAE003EC32F /* Release */,
			);
			defaultConfigurationIsVisible = 0;
		};
/* End XCConfigurationList section */
	};
	rootObject = 7124A99E1EBD0FAE003EC32F /* Project object */;
}
